
Microsoft Visual Studio Solution File, Format Version 12.00
# Visual Studio 15
VisualStudioVersion = 15.0.28307.421
MinimumVisualStudioVersion = 10.0.40219.1
Project("{FAE04EC0-301F-11D3-BF4B-00C04F79EFBC}") = "TODOWeeklongProject", "TODOWeeklongProject\TODOWeeklongProject.csproj", "{42E7FD96-3D36-4539-A8DD-D68E14FAE3BC}"
EndProject
Global
	GlobalSection(SolutionConfigurationPlatforms) = preSolution
		Debug|Any CPU = Debug|Any CPU
		Release|Any CPU = Release|Any CPU
	EndGlobalSection
	GlobalSection(ProjectConfigurationPlatforms) = postSolution
		{42E7FD96-3D36-4539-A8DD-D68E14FAE3BC}.Debug|Any CPU.ActiveCfg = Debug|Any CPU
		{42E7FD96-3D36-4539-A8DD-D68E14FAE3BC}.Debug|Any CPU.Build.0 = Debug|Any CPU
		{42E7FD96-3D36-4539-A8DD-D68E14FAE3BC}.Release|Any CPU.ActiveCfg = Release|Any CPU
		{42E7FD96-3D36-4539-A8DD-D68E14FAE3BC}.Release|Any CPU.Build.0 = Release|Any CPU
	EndGlobalSection
	GlobalSection(SolutionProperties) = preSolution
		HideSolutionNode = FALSE
	EndGlobalSection
	GlobalSection(ExtensibilityGlobals) = postSolution
		SolutionGuid = {26F5FFCE-9990-4479-9BDC-065AD7B2FE58}
	EndGlobalSection
EndGlobal
